<dec f='qv2ray/3rdparty/libuv/src/unix/spinlock.h' l='25' type='int'/>
<use f='qv2ray/3rdparty/libuv/src/unix/spinlock.h' l='34' u='a' c='uv_spinlock_init'/>
<use f='qv2ray/3rdparty/libuv/src/unix/spinlock.h' l='42' u='a' c='uv_spinlock_unlock'/>
<use f='qv2ray/3rdparty/libuv/src/unix/spinlock.h' l='50' u='a' c='uv_spinlock_trylock'/>
<offset>0</offset>
